
Microsoft Visual Studio Solution File, Format Version 12.00
# Visual Studio 15
VisualStudioVersion = 15.0.27004.2002
MinimumVisualStudioVersion = 10.0.40219.1
Project("{FAE04EC0-301F-11D3-BF4B-00C04F79EFBC}") = "CheckGen", "CheckGen\CheckGen.csproj", "{5849F760-42B6-48F6-8617-2F4C2B66ECA8}"
EndProject
Project("{FAE04EC0-301F-11D3-BF4B-00C04F79EFBC}") = "CheckGenTests", "CheckGenTests\CheckGenTests.csproj", "{06924570-AD7D-4CE7-816D-36F61D06805D}"
EndProject
Global
	GlobalSection(SolutionConfigurationPlatforms) = preSolution
		Debug|Any CPU = Debug|Any CPU
		Release|Any CPU = Release|Any CPU
	EndGlobalSection
	GlobalSection(ProjectConfigurationPlatforms) = postSolution
		{5849F760-42B6-48F6-8617-2F4C2B66ECA8}.Debug|Any CPU.ActiveCfg = Debug|Any CPU
		{5849F760-42B6-48F6-8617-2F4C2B66ECA8}.Debug|Any CPU.Build.0 = Debug|Any CPU
		{5849F760-42B6-48F6-8617-2F4C2B66ECA8}.Release|Any CPU.ActiveCfg = Release|Any CPU
		{5849F760-42B6-48F6-8617-2F4C2B66ECA8}.Release|Any CPU.Build.0 = Release|Any CPU
		{06924570-AD7D-4CE7-816D-36F61D06805D}.Debug|Any CPU.ActiveCfg = Debug|Any CPU
		{06924570-AD7D-4CE7-816D-36F61D06805D}.Debug|Any CPU.Build.0 = Debug|Any CPU
		{06924570-AD7D-4CE7-816D-36F61D06805D}.Release|Any CPU.ActiveCfg = Release|Any CPU
		{06924570-AD7D-4CE7-816D-36F61D06805D}.Release|Any CPU.Build.0 = Release|Any CPU
	EndGlobalSection
	GlobalSection(SolutionProperties) = preSolution
		HideSolutionNode = FALSE
	EndGlobalSection
	GlobalSection(ExtensibilityGlobals) = postSolution
		SolutionGuid = {3AE31D0F-FD6F-4EBB-93E3-1BDD54070D74}
	EndGlobalSection
EndGlobal
